// !$*UTF8*$!
{
	archiveVersion = 1;
	classes = {
	};
	objectVersion = 56;
	objects = {

/* Begin PBXBuildFile section */
		7F1B7686296E043B0054AC7F /* ViewController.swift in Sources */ = {isa = PBXBuildFile; fileRef = 7F1B7685296E043B0054AC7F /* ViewController.swift */; };
		7F1B7688296E04C30054AC7F /* MyTableViewController.swift in Sources */ = {isa = PBXBuildFile; fileRef = 7F1B7687296E04C30054AC7F /* MyTableViewController.swift */; };
		7F1B768A296E05EC0054AC7F /* MyTableViewCell.swift in Sources */ = {isa = PBXBuildFile; fileRef = 7F1B7689296E05EC0054AC7F /* MyTableViewCell.swift */; };
		7F1B768C296E07E50054AC7F /* Model.swift in Sources */ = {isa = PBXBuildFile; fileRef = 7F1B768B296E07E50054AC7F /* Model.swift */; };
		7F7C654B296DF3B00011CB44 /* AppDelegate.swift in Sources */ = {isa = PBXBuildFile; fileRef = 7F7C654A296DF3B00011CB44 /* AppDelegate.swift */; };
		7F7C654D296DF3B00011CB44 /* SceneDelegate.swift in Sources */ = {isa = PBXBuildFile; fileRef = 7F7C654C296DF3B00011CB44 /* SceneDelegate.swift */; };
		7F7C654F296DF3B00011CB44 /* SecondViewController.swift in Sources */ = {isa = PBXBuildFile; fileRef = 7F7C654E296DF3B00011CB44 /* SecondViewController.swift */; };
		7F7C6552296DF3B00011CB44 /* Main.storyboard in Resources */ = {isa = PBXBuildFile; fileRef = 7F7C6550296DF3B00011CB44 /* Main.storyboard */; };
		7F7C6554296DF3B20011CB44 /* Assets.xcassets in Resources */ = {isa = PBXBuildFile; fileRef = 7F7C6553296DF3B20011CB44 /* Assets.xcassets */; };
		7F7C6557296DF3B20011CB44 /* LaunchScreen.storyboard in Resources */ = {isa = PBXBuildFile; fileRef = 7F7C6555296DF3B20011CB44 /* LaunchScreen.storyboard */; };
/* End PBXBuildFile section */

/* Begin PBXFileReference section */
		7F1B7685296E043B0054AC7F /* ViewController.swift */ = {isa = PBXFileReference; lastKnownFileType = sourcecode.swift; path = ViewController.swift; sourceTree = "<group>"; };
		7F1B7687296E04C30054AC7F /* MyTableViewController.swift */ = {isa = PBXFileReference; lastKnownFileType = sourcecode.swift; path = MyTableViewController.swift; sourceTree = "<group>"; };
		7F1B7689296E05EC0054AC7F /* MyTableViewCell.swift */ = {isa = PBXFileReference; lastKnownFileType = sourcecode.swift; path = MyTableViewCell.swift; sourceTree = "<group>"; };
		7F1B768B296E07E50054AC7F /* Model.swift */ = {isa = PBXFileReference; lastKnownFileType = sourcecode.swift; path = Model.swift; sourceTree = "<group>"; };
		7F7C6547296DF3B00011CB44 /* UITableViewPart2.app */ = {isa = PBXFileReference; explicitFileType = wrapper.application; includeInIndex = 0; path = UITableViewPart2.app; sourceTree = BUILT_PRODUCTS_DIR; };
		7F7C654A296DF3B00011CB44 /* AppDelegate.swift */ = {isa = PBXFileReference; lastKnownFileType = sourcecode.swift; path = AppDelegate.swift; sourceTree = "<group>"; };
		7F7C654C296DF3B00011CB44 /* SceneDelegate.swift */ = {isa = PBXFileReference; lastKnownFileType = sourcecode.swift; path = SceneDelegate.swift; sourceTree = "<group>"; };
		7F7C654E296DF3B00011CB44 /* SecondViewController.swift */ = {isa = PBXFileReference; lastKnownFileType = sourcecode.swift; path = SecondViewController.swift; sourceTree = "<group>"; };
		7F7C6551296DF3B00011CB44 /* Base */ = {isa = PBXFileReference; lastKnownFileType = file.storyboard; name = Base; path = Base.lproj/Main.storyboard; sourceTree = "<group>"; };
		7F7C6553296DF3B20011CB44 /* Assets.xcassets */ = {isa = PBXFileReference; lastKnownFileType = folder.assetcatalog; path = Assets.xcassets; sourceTree = "<group>"; };
		7F7C6556296DF3B20011CB44 /* Base */ = {isa = PBXFileReference; lastKnownFileType = file.storyboard; name = Base; path = Base.lproj/LaunchScreen.storyboard; sourceTree = "<group>"; };
		7F7C6558296DF3B20011CB44 /* Info.plist */ = {isa = PBXFileReference; lastKnownFileType = text.plist.xml; path = Info.plist; sourceTree = "<group>"; };
/* End PBXFileReference section */

/* Begin PBXFrameworksBuildPhase section */
		7F7C6544296DF3B00011CB44 /* Frameworks */ = {
			isa = PBXFrameworksBuildPhase;
			buildActionMask = 2147483647;
			files = (
			);
			runOnlyForDeploymentPostprocessing = 0;
		};
/* End PBXFrameworksBuildPhase section */

/* Begin PBXGroup section */
		7F7C653E296DF3B00011CB44 = {
			isa = PBXGroup;
			children = (
				7F7C6549296DF3B00011CB44 /* UITableViewPart2 */,
				7F7C6548296DF3B00011CB44 /* Products */,
			);
			sourceTree = "<group>";
		};
		7F7C6548296DF3B00011CB44 /* Products */ = {
			isa = PBXGroup;
			children = (
				7F7C6547296DF3B00011CB44 /* UITableViewPart2.app */,
			);
			name = Products;
			sourceTree = "<group>";
		};
		7F7C6549296DF3B00011CB44 /* UITableViewPart2 */ = {
			isa = PBXGroup;
			children = (
				7F7C654A296DF3B00011CB44 /* AppDelegate.swift */,
				7F7C654C296DF3B00011CB44 /* SceneDelegate.swift */,
				7F7C654E296DF3B00011CB44 /* SecondViewController.swift */,
				7F1B7685296E043B0054AC7F /* ViewController.swift */,
				7F7C6550296DF3B00011CB44 /* Main.storyboard */,
				7F1B7689296E05EC0054AC7F /* MyTableViewCell.swift */,
				7F1B7687296E04C30054AC7F /* MyTableViewController.swift */,
				7F1B768B296E07E50054AC7F /* Model.swift */,
				7F7C6553296DF3B20011CB44 /* Assets.xcassets */,
				7F7C6555296DF3B20011CB44 /* LaunchScreen.storyboard */,
				7F7C6558296DF3B20011CB44 /* Info.plist */,
			);
			path = UITableViewPart2;
			sourceTree = "<group>";
		};
/* End PBXGroup section */

/* Begin PBXNativeTarget section */
		7F7C6546296DF3B00011CB44 /* UITableViewPart2 */ = {
			isa = PBXNativeTarget;
			buildConfigurationList = 7F7C655B296DF3B20011CB44 /* Build configuration list for PBXNativeTarget "UITableViewPart2" */;
			buildPhases = (
				7F7C6543296DF3B00011CB44 /* Sources */,
				7F7C6544296DF3B00011CB44 /* Frameworks */,
				7F7C6545296DF3B00011CB44 /* Resources */,
			);
			buildRules = (
			);
			dependencies = (
			);
			name = UITableViewPart2;
			productName = UITableViewPart2;
			productReference = 7F7C6547296DF3B00011CB44 /* UITableViewPart2.app */;
			productType = "com.apple.product-type.application";
		};
/* End PBXNativeTarget section */

/* Begin PBXProject section */
		7F7C653F296DF3B00011CB44 /* Project object */ = {
			isa = PBXProject;
			attributes = {
				BuildIndependentTargetsInParallel = 1;
				LastSwiftUpdateCheck = 1400;
				LastUpgradeCheck = 1400;
				TargetAttributes = {
					7F7C6546296DF3B00011CB44 = {
						CreatedOnToolsVersion = 14.0.1;
					};
				};
			};
			buildConfigurationList = 7F7C6542296DF3B00011CB44 /* Build configuration list for PBXProject "UITableViewPart2" */;
			compatibilityVersion = "Xcode 14.0";
			developmentRegion = en;
			hasScannedForEncodings = 0;
			knownRegions = (
				en,
				Base,
			);
			mainGroup = 7F7C653E296DF3B00011CB44;
			productRefGroup = 7F7C6548296DF3B00011CB44 /* Products */;
			projectDirPath = "";
			projectRoot = "";
			targets = (
				7F7C6546296DF3B00011CB44 /* UITableViewPart2 */,
			);
		};
/* End PBXProject section */

/* Begin PBXResourcesBuildPhase section */
		7F7C6545296DF3B00011CB44 /* Resources */ = {
			isa = PBXResourcesBuildPhase;
			buildActionMask = 2147483647;
			files = (
				7F7C6557296DF3B20011CB44 /* LaunchScreen.storyboard in Resources */,
				7F7C6554296DF3B20011CB44 /* Assets.xcassets in Resources */,
				7F7C6552296DF3B00011CB44 /* Main.storyboard in Resources */,
			);
			runOnlyForDeploymentPostprocessing = 0;
		};
/* End PBXResourcesBuildPhase section */

/* Begin PBXSourcesBuildPhase section */
		7F7C6543296DF3B00011CB44 /* Sources */ = {
			isa = PBXSourcesBuildPhase;
			buildActionMask = 2147483647;
			files = (
				7F1B768C296E07E50054AC7F /* Model.swift in Sources */,
				7F7C654F296DF3B00011CB44 /* SecondViewController.swift in Sources */,
				7F7C654B296DF3B00011CB44 /* AppDelegate.swift in Sources */,
				7F1B7686296E043B0054AC7F /* ViewController.swift in Sources */,
				7F1B7688296E04C30054AC7F /* MyTableViewController.swift in Sources */,
				7F7C654D296DF3B00011CB44 /* SceneDelegate.swift in Sources */,
				7F1B768A296E05EC0054AC7F /* MyTableViewCell.swift in Sources */,
			);
			runOnlyForDeploymentPostprocessing = 0;
		};
/* End PBXSourcesBuildPhase section */

/* Begin PBXVariantGroup section */
		7F7C6550296DF3B00011CB44 /* Main.storyboard */ = {
			isa = PBXVariantGroup;
			children = (
				7F7C6551296DF3B00011CB44 /* Base */,
			);
			name = Main.storyboard;
			sourceTree = "<group>";
		};
		7F7C6555296DF3B20011CB44 /* LaunchScreen.storyboard */ = {
			isa = PBXVariantGroup;
			children = (
				7F7C6556296DF3B20011CB44 /* Base */,
			);
			name = LaunchScreen.storyboard;
			sourceTree = "<group>";
		};
/* End PBXVariantGroup section */

/* Begin XCBuildConfiguration section */
		7F7C6559296DF3B20011CB44 /* Debug */ = {
			isa = XCBuildConfiguration;
			buildSettings = {
				ALWAYS_SEARCH_USER_PATHS = NO;
				CLANG_ANALYZER_NONNULL = YES;
				CLANG_ANALYZER_NUMBER_OBJECT_CONVERSION = YES_AGGRESSIVE;
				CLANG_CXX_LANGUAGE_STANDARD = "gnu++20";
				CLANG_ENABLE_MODULES = YES;
				CLANG_ENABLE_OBJC_ARC = YES;
				CLANG_ENABLE_OBJC_WEAK = YES;
				CLANG_WARN_BLOCK_CAPTURE_AUTORELEASING = YES;
				CLANG_WARN_BOOL_CONVERSION = YES;
				CLANG_WARN_COMMA = YES;
				CLANG_WARN_CONSTANT_CONVERSION = YES;
				CLANG_WARN_DEPRECATED_OBJC_IMPLEMENTATIONS = YES;
				CLANG_WARN_DIRECT_OBJC_ISA_USAGE = YES_ERROR;
				CLANG_WARN_DOCUMENTATION_COMMENTS = YES;
				CLANG_WARN_EMPTY_BODY = YES;
				CLANG_WARN_ENUM_CONVERSION = YES;
				CLANG_WARN_INFINITE_RECURSION = YES;
				CLANG_WARN_INT_CONVERSION = YES;
				CLANG_WARN_NON_LITERAL_NULL_CONVERSION = YES;
				CLANG_WARN_OBJC_IMPLICIT_RETAIN_SELF = YES;
				CLANG_WARN_OBJC_LITERAL_CONVERSION = YES;
				CLANG_WARN_OBJC_ROOT_CLASS = YES_ERROR;
				CLANG_WARN_QUOTED_INCLUDE_IN_FRAMEWORK_HEADER = YES;
				CLANG_WARN_RANGE_LOOP_ANALYSIS = YES;
				CLANG_WARN_STRICT_PROTOTYPES = YES;
				CLANG_WARN_SUSPICIOUS_MOVE = YES;
				CLANG_WARN_UNGUARDED_AVAILABILITY = YES_AGGRESSIVE;
				CLANG_WARN_UNREACHABLE_CODE = YES;
				CLANG_WARN__DUPLICATE_METHOD_MATCH = YES;
				COPY_PHASE_STRIP = NO;
				DEBUG_INFORMATION_FORMAT = dwarf;
				ENABLE_STRICT_OBJC_MSGSEND = YES;
				ENABLE_TESTABILITY = YES;
				GCC_C_LANGUAGE_STANDARD = gnu11;
				GCC_DYNAMIC_NO_PIC = NO;
				GCC_NO_COMMON_BLOCKS = YES;
				GCC_OPTIMIZATION_LEVEL = 0;
				GCC_PREPROCESSOR_DEFINITIONS = (
					"DEBUG=1",
					"$(inherited)",
				);
				GCC_WARN_64_TO_32_BIT_CONVERSION = YES;
				GCC_WARN_ABOUT_RETURN_TYPE = YES_ERROR;
				GCC_WARN_UNDECLARED_SELECTOR = YES;
				GCC_WARN_UNINITIALIZED_AUTOS = YES_AGGRESSIVE;
				GCC_WARN_UNUSED_FUNCTION = YES;
				GCC_WARN_UNUSED_VARIABLE = YES;
				IPHONEOS_DEPLOYMENT_TARGET = 16.0;
				MTL_ENABLE_DEBUG_INFO = INCLUDE_SOURCE;
				MTL_FAST_MATH = YES;
				ONLY_ACTIVE_ARCH = YES;
				SDKROOT = iphoneos;
				SWIFT_ACTIVE_COMPILATION_CONDITIONS = DEBUG;
				SWIFT_OPTIMIZATION_LEVEL = "-Onone";
			};
			name = Debug;
		};
		7F7C655A296DF3B20011CB44 /* Release */ = {
			isa = XCBuildConfiguration;
			buildSettings = {
				ALWAYS_SEARCH_USER_PATHS = NO;
				CLANG_ANALYZER_NONNULL = YES;
				CLANG_ANALYZER_NUMBER_OBJECT_CONVERSION = YES_AGGRESSIVE;
				CLANG_CXX_LANGUAGE_STANDARD = "gnu++20";
				CLANG_ENABLE_MODULES = YES;
				CLANG_ENABLE_OBJC_ARC = YES;
				CLANG_ENABLE_OBJC_WEAK = YES;
				CLANG_WARN_BLOCK_CAPTURE_AUTORELEASING = YES;
				CLANG_WARN_BOOL_CONVERSION = YES;
				CLANG_WARN_COMMA = YES;
				CLANG_WARN_CONSTANT_CONVERSION = YES;
				CLANG_WARN_DEPRECATED_OBJC_IMPLEMENTATIONS = YES;
				CLANG_WARN_DIRECT_OBJC_ISA_USAGE = YES_ERROR;
				CLANG_WARN_DOCUMENTATION_COMMENTS = YES;
				CLANG_WARN_EMPTY_BODY = YES;
				CLANG_WARN_ENUM_CONVERSION = YES;
				CLANG_WARN_INFINITE_RECURSION = YES;
				CLANG_WARN_INT_CONVERSION = YES;
				CLANG_WARN_NON_LITERAL_NULL_CONVERSION = YES;
				CLANG_WARN_OBJC_IMPLICIT_RETAIN_SELF = YES;
				CLANG_WARN_OBJC_LITERAL_CONVERSION = YES;
				CLANG_WARN_OBJC_ROOT_CLASS = YES_ERROR;
				CLANG_WARN_QUOTED_INCLUDE_IN_FRAMEWORK_HEADER = YES;
				CLANG_WARN_RANGE_LOOP_ANALYSIS = YES;
				CLANG_WARN_STRICT_PROTOTYPES = YES;
				CLANG_WARN_SUSPICIOUS_MOVE = YES;
				CLANG_WARN_UNGUARDED_AVAILABILITY = YES_AGGRESSIVE;
				CLANG_WARN_UNREACHABLE_CODE = YES;
				CLANG_WARN__DUPLICATE_METHOD_MATCH = YES;
				COPY_PHASE_STRIP = NO;
				DEBUG_INFORMATION_FORMAT = "dwarf-with-dsym";
				ENABLE_NS_ASSERTIONS = NO;
				ENABLE_STRICT_OBJC_MSGSEND = YES;
				GCC_C_LANGUAGE_STANDARD = gnu11;
				GCC_NO_COMMON_BLOCKS = YES;
				GCC_WARN_64_TO_32_BIT_CONVERSION = YES;
				GCC_WARN_ABOUT_RETURN_TYPE = YES_ERROR;
				GCC_WARN_UNDECLARED_SELECTOR = YES;
				GCC_WARN_UNINITIALIZED_AUTOS = YES_AGGRESSIVE;
				GCC_WARN_UNUSED_FUNCTION = YES;
				GCC_WARN_UNUSED_VARIABLE = YES;
				IPHONEOS_DEPLOYMENT_TARGET = 16.0;
				MTL_ENABLE_DEBUG_INFO = NO;
				MTL_FAST_MATH = YES;
				SDKROOT = iphoneos;
				SWIFT_COMPILATION_MODE = wholemodule;
				SWIFT_OPTIMIZATION_LEVEL = "-O";
				VALIDATE_PRODUCT = YES;
			};
			name = Release;
		};
		7F7C655C296DF3B20011CB44 /* Debug */ = {
			isa = XCBuildConfiguration;
			buildSettings = {
				ASSETCATALOG_COMPILER_APPICON_NAME = AppIcon;
				ASSETCATALOG_COMPILER_GLOBAL_ACCENT_COLOR_NAME = AccentColor;
				CODE_SIGN_STYLE = Automatic;
				CURRENT_PROJECT_VERSION = 1;
				DEVELOPMENT_TEAM = 267MD9AH76;
				GENERATE_INFOPLIST_FILE = YES;
				INFOPLIST_FILE = UITableViewPart2/Info.plist;
				INFOPLIST_KEY_UIApplicationSupportsIndirectInputEvents = YES;
				INFOPLIST_KEY_UILaunchStoryboardName = LaunchScreen;
				INFOPLIST_KEY_UIMainStoryboardFile = Main;
				INFOPLIST_KEY_UISupportedInterfaceOrientations_iPad = "UIInterfaceOrientationPortrait UIInterfaceOrientationPortraitUpsideDown UIInterfaceOrientationLandscapeLeft UIInterfaceOrientationLandscapeRight";
				INFOPLIST_KEY_UISupportedInterfaceOrientations_iPhone = "UIInterfaceOrientationPortrait UIInterfaceOrientationLandscapeLeft UIInterfaceOrientationLandscapeRight";
				LD_RUNPATH_SEARCH_PATHS = (
					"$(inherited)",
					"@executable_path/Frameworks",
				);
				MARKETING_VERSION = 1.0;
				PRODUCT_BUNDLE_IDENTIFIER = com.aleksandrkarpov.UITableViewPart2;
				PRODUCT_NAME = "$(TARGET_NAME)";
				SWIFT_EMIT_LOC_STRINGS = YES;
				SWIFT_VERSION = 5.0;
				TARGETED_DEVICE_FAMILY = "1,2";
			};
			name = Debug;
		};
		7F7C655D296DF3B20011CB44 /* Release */ = {
			isa = XCBuildConfiguration;
			buildSettings = {
				ASSETCATALOG_COMPILER_APPICON_NAME = AppIcon;
				ASSETCATALOG_COMPILER_GLOBAL_ACCENT_COLOR_NAME = AccentColor;
				CODE_SIGN_STYLE = Automatic;
				CURRENT_PROJECT_VERSION = 1;
				DEVELOPMENT_TEAM = 267MD9AH76;
				GENERATE_INFOPLIST_FILE = YES;
				INFOPLIST_FILE = UITableViewPart2/Info.plist;
				INFOPLIST_KEY_UIApplicationSupportsIndirectInputEvents = YES;
				INFOPLIST_KEY_UILaunchStoryboardName = LaunchScreen;
				INFOPLIST_KEY_UIMainStoryboardFile = Main;
				INFOPLIST_KEY_UISupportedInterfaceOrientations_iPad = "UIInterfaceOrientationPortrait UIInterfaceOrientationPortraitUpsideDown UIInterfaceOrientationLandscapeLeft UIInterfaceOrientationLandscapeRight";
				INFOPLIST_KEY_UISupportedInterfaceOrientations_iPhone = "UIInterfaceOrientationPortrait UIInterfaceOrientationLandscapeLeft UIInterfaceOrientationLandscapeRight";
				LD_RUNPATH_SEARCH_PATHS = (
					"$(inherited)",
					"@executable_path/Frameworks",
				);
				MARKETING_VERSION = 1.0;
				PRODUCT_BUNDLE_IDENTIFIER = com.aleksandrkarpov.UITableViewPart2;
				PRODUCT_NAME = "$(TARGET_NAME)";
				SWIFT_EMIT_LOC_STRINGS = YES;
				SWIFT_VERSION = 5.0;
				TARGETED_DEVICE_FAMILY = "1,2";
			};
			name = Release;
		};
/* End XCBuildConfiguration section */

/* Begin XCConfigurationList section */
		7F7C6542296DF3B00011CB44 /* Build configuration list for PBXProject "UITableViewPart2" */ = {
			isa = XCConfigurationList;
			buildConfigurations = (
				7F7C6559296DF3B20011CB44 /* Debug */,
				7F7C655A296DF3B20011CB44 /* Release */,
			);
			defaultConfigurationIsVisible = 0;
			defaultConfigurationName = Release;
		};
		7F7C655B296DF3B20011CB44 /* Build configuration list for PBXNativeTarget "UITableViewPart2" */ = {
			isa = XCConfigurationList;
			buildConfigurations = (
				7F7C655C296DF3B20011CB44 /* Debug */,
				7F7C655D296DF3B20011CB44 /* Release */,
			);
			defaultConfigurationIsVisible = 0;
			defaultConfigurationName = Release;
		};
/* End XCConfigurationList section */
	};
	rootObject = 7F7C653F296DF3B00011CB44 /* Project object */;
}
